
Microsoft Visual Studio Solution File, Format Version 12.00
# Visual Studio Version 17
VisualStudioVersion = 17.5.33516.290
MinimumVisualStudioVersion = 10.0.40219.1
Project("{FAE04EC0-301F-11D3-BF4B-00C04F79EFBC}") = "Configuration(Asp Dot)", "Configuration(Asp Dot)\Configuration(Asp Dot).csproj", "{9CEB0A0C-61AE-47F5-9697-D391FD6C503C}"
EndProject
Global
	GlobalSection(SolutionConfigurationPlatforms) = preSolution
		Debug|Any CPU = Debug|Any CPU
		Release|Any CPU = Release|Any CPU
	EndGlobalSection
	GlobalSection(ProjectConfigurationPlatforms) = postSolution
		{9CEB0A0C-61AE-47F5-9697-D391FD6C503C}.Debug|Any CPU.ActiveCfg = Debug|Any CPU
		{9CEB0A0C-61AE-47F5-9697-D391FD6C503C}.Debug|Any CPU.Build.0 = Debug|Any CPU
		{9CEB0A0C-61AE-47F5-9697-D391FD6C503C}.Release|Any CPU.ActiveCfg = Release|Any CPU
		{9CEB0A0C-61AE-47F5-9697-D391FD6C503C}.Release|Any CPU.Build.0 = Release|Any CPU
	EndGlobalSection
	GlobalSection(SolutionProperties) = preSolution
		HideSolutionNode = FALSE
	EndGlobalSection
	GlobalSection(ExtensibilityGlobals) = postSolution
		SolutionGuid = {39B2A531-3F2B-4C69-B3A2-3F892763E059}
	EndGlobalSection
EndGlobal
